
Microsoft Visual Studio Solution File, Format Version 12.00
# Visual Studio Version 17
VisualStudioVersion = 17.11.35222.181
MinimumVisualStudioVersion = 10.0.40219.1
Project("{9A19103F-16F7-4668-BE54-9A1E7A4F7556}") = "DnDPlanner", "DnDPlanner.csproj", "{F19E62E1-E07B-49FC-B077-F8F15DAB60DF}"
EndProject
Global
	GlobalSection(SolutionConfigurationPlatforms) = preSolution
		Debug|Any CPU = Debug|Any CPU
		Release|Any CPU = Release|Any CPU
	EndGlobalSection
	GlobalSection(ProjectConfigurationPlatforms) = postSolution
		{F19E62E1-E07B-49FC-B077-F8F15DAB60DF}.Debug|Any CPU.ActiveCfg = Debug|Any CPU
		{F19E62E1-E07B-49FC-B077-F8F15DAB60DF}.Debug|Any CPU.Build.0 = Debug|Any CPU
		{F19E62E1-E07B-49FC-B077-F8F15DAB60DF}.Debug|Any CPU.Deploy.0 = Debug|Any CPU
		{F19E62E1-E07B-49FC-B077-F8F15DAB60DF}.Release|Any CPU.ActiveCfg = Release|Any CPU
		{F19E62E1-E07B-49FC-B077-F8F15DAB60DF}.Release|Any CPU.Build.0 = Release|Any CPU
		{F19E62E1-E07B-49FC-B077-F8F15DAB60DF}.Release|Any CPU.Deploy.0 = Release|Any CPU
	EndGlobalSection
	GlobalSection(SolutionProperties) = preSolution
		HideSolutionNode = FALSE
	EndGlobalSection
	GlobalSection(ExtensibilityGlobals) = postSolution
		SolutionGuid = {8EC6ACC5-47EB-451B-A278-C245A39CE887}
	EndGlobalSection
EndGlobal
